
Microsoft Visual Studio Solution File, Format Version 12.00
# Visual Studio Version 16
VisualStudioVersion = 16.0.31313.79
MinimumVisualStudioVersion = 10.0.40219.1
Project("{9A19103F-16F7-4668-BE54-9A1E7A4F7556}") = "Hangman", "Hangman\Hangman.csproj", "{D3FEE0C8-4924-44BF-9747-6BA28C8FDD47}"
EndProject
Project("{FAE04EC0-301F-11D3-BF4B-00C04F79EFBC}") = "Hangman.Test", "Hangman.Test\Hangman.Test.csproj", "{1CDBECB3-9556-4FF9-9A17-53CA56A6BEC3}"
EndProject
Global
	GlobalSection(SolutionConfigurationPlatforms) = preSolution
		Debug|Any CPU = Debug|Any CPU
		Release|Any CPU = Release|Any CPU
	EndGlobalSection
	GlobalSection(ProjectConfigurationPlatforms) = postSolution
		{D3FEE0C8-4924-44BF-9747-6BA28C8FDD47}.Debug|Any CPU.ActiveCfg = Debug|Any CPU
		{D3FEE0C8-4924-44BF-9747-6BA28C8FDD47}.Debug|Any CPU.Build.0 = Debug|Any CPU
		{D3FEE0C8-4924-44BF-9747-6BA28C8FDD47}.Release|Any CPU.ActiveCfg = Release|Any CPU
		{D3FEE0C8-4924-44BF-9747-6BA28C8FDD47}.Release|Any CPU.Build.0 = Release|Any CPU
		{1CDBECB3-9556-4FF9-9A17-53CA56A6BEC3}.Debug|Any CPU.ActiveCfg = Debug|Any CPU
		{1CDBECB3-9556-4FF9-9A17-53CA56A6BEC3}.Debug|Any CPU.Build.0 = Debug|Any CPU
		{1CDBECB3-9556-4FF9-9A17-53CA56A6BEC3}.Release|Any CPU.ActiveCfg = Release|Any CPU
		{1CDBECB3-9556-4FF9-9A17-53CA56A6BEC3}.Release|Any CPU.Build.0 = Release|Any CPU
	EndGlobalSection
	GlobalSection(SolutionProperties) = preSolution
		HideSolutionNode = FALSE
	EndGlobalSection
	GlobalSection(ExtensibilityGlobals) = postSolution
		SolutionGuid = {66ECFA63-A4BF-4B9C-9B0C-955B9A74A79D}
	EndGlobalSection
EndGlobal
